// !$*UTF8*$!
{
	archiveVersion = 1;
	classes = {
	};
	objectVersion = 56;
	objects = {

/* Begin PBXBuildFile section */
		C201100E2B112D4C000C61DF /* finalProjectApp.swift in Sources */ = {isa = PBXBuildFile; fileRef = C201100D2B112D4C000C61DF /* finalProjectApp.swift */; };
		C20110102B112D4C000C61DF /* ContentView.swift in Sources */ = {isa = PBXBuildFile; fileRef = C201100F2B112D4C000C61DF /* ContentView.swift */; };
		C20110122B112D4E000C61DF /* Assets.xcassets in Resources */ = {isa = PBXBuildFile; fileRef = C20110112B112D4E000C61DF /* Assets.xcassets */; };
		C20110152B112D4E000C61DF /* Preview Assets.xcassets in Resources */ = {isa = PBXBuildFile; fileRef = C20110142B112D4E000C61DF /* Preview Assets.xcassets */; };
		C201101F2B112DCF000C61DF /* BuildingModel.swift in Sources */ = {isa = PBXBuildFile; fileRef = C201101E2B112DCF000C61DF /* BuildingModel.swift */; };
		C20110242B112ED6000C61DF /* Data in Resources */ = {isa = PBXBuildFile; fileRef = C20110232B112ED6000C61DF /* Data */; };
		C20110282B1246CB000C61DF /* BuildingModelView.swift in Sources */ = {isa = PBXBuildFile; fileRef = C20110272B1246CB000C61DF /* BuildingModelView.swift */; };
		C201102A2B124C4B000C61DF /* HomeView.swift in Sources */ = {isa = PBXBuildFile; fileRef = C20110292B124C4B000C61DF /* HomeView.swift */; };
		C201102C2B124C61000C61DF /* MapView.swift in Sources */ = {isa = PBXBuildFile; fileRef = C201102B2B124C61000C61DF /* MapView.swift */; };
		C20110302B124C7B000C61DF /* SavedView.swift in Sources */ = {isa = PBXBuildFile; fileRef = C201102F2B124C7B000C61DF /* SavedView.swift */; };
		C20110322B124C86000C61DF /* MoreView.swift in Sources */ = {isa = PBXBuildFile; fileRef = C20110312B124C86000C61DF /* MoreView.swift */; };
		C20110582B12750C000C61DF /* buildings.json in Resources */ = {isa = PBXBuildFile; fileRef = C20110572B12750C000C61DF /* buildings.json */; };
		C279FD582B13AF4D0093A662 /* CardHomeView.swift in Sources */ = {isa = PBXBuildFile; fileRef = C279FD572B13AF4D0093A662 /* CardHomeView.swift */; };
		C279FD5A2B142A6F0093A662 /* FavoriteButtonView.swift in Sources */ = {isa = PBXBuildFile; fileRef = C279FD592B142A6F0093A662 /* FavoriteButtonView.swift */; };
		C279FD5C2B14DC6B0093A662 /* DetailsView.swift in Sources */ = {isa = PBXBuildFile; fileRef = C279FD5B2B14DC6B0093A662 /* DetailsView.swift */; };
		C279FD5E2B1520320093A662 /* RowFavoriteView.swift in Sources */ = {isa = PBXBuildFile; fileRef = C279FD5D2B1520320093A662 /* RowFavoriteView.swift */; };
		C2BB8BAA2B156E000053BC9D /* SplashView.swift in Sources */ = {isa = PBXBuildFile; fileRef = C2BB8BA92B156E000053BC9D /* SplashView.swift */; };
		C2BB8BAC2B158EDD0053BC9D /* FormRecommendView.swift in Sources */ = {isa = PBXBuildFile; fileRef = C2BB8BAB2B158EDD0053BC9D /* FormRecommendView.swift */; };
		C2BB8BAE2B1590000053BC9D /* AboutMeView.swift in Sources */ = {isa = PBXBuildFile; fileRef = C2BB8BAD2B1590000053BC9D /* AboutMeView.swift */; };
		C2BB8BB12B163ECA0053BC9D /* FirebaseAnalytics in Frameworks */ = {isa = PBXBuildFile; productRef = C2BB8BB02B163ECA0053BC9D /* FirebaseAnalytics */; settings = {ATTRIBUTES = (Weak, ); }; };
		C2BB8BB32B163ECA0053BC9D /* FirebaseAnalyticsOnDeviceConversion in Frameworks */ = {isa = PBXBuildFile; productRef = C2BB8BB22B163ECA0053BC9D /* FirebaseAnalyticsOnDeviceConversion */; };
		C2BB8BB52B163ECA0053BC9D /* FirebaseAnalyticsSwift in Frameworks */ = {isa = PBXBuildFile; productRef = C2BB8BB42B163ECA0053BC9D /* FirebaseAnalyticsSwift */; settings = {ATTRIBUTES = (Weak, ); }; };
		C2BB8BB72B163ECA0053BC9D /* FirebaseAnalyticsWithoutAdIdSupport in Frameworks */ = {isa = PBXBuildFile; productRef = C2BB8BB62B163ECA0053BC9D /* FirebaseAnalyticsWithoutAdIdSupport */; settings = {ATTRIBUTES = (Weak, ); }; };
		C2BB8BB92B163ECA0053BC9D /* FirebaseAppCheck in Frameworks */ = {isa = PBXBuildFile; productRef = C2BB8BB82B163ECA0053BC9D /* FirebaseAppCheck */; };
		C2BB8BBB2B163ECA0053BC9D /* FirebaseAppDistribution-Beta in Frameworks */ = {isa = PBXBuildFile; productRef = C2BB8BBA2B163ECA0053BC9D /* FirebaseAppDistribution-Beta */; };
		C2BB8BBD2B163ECA0053BC9D /* FirebaseAuth in Frameworks */ = {isa = PBXBuildFile; productRef = C2BB8BBC2B163ECA0053BC9D /* FirebaseAuth */; };
		C2BB8BBF2B163ECA0053BC9D /* FirebaseAuthCombine-Community in Frameworks */ = {isa = PBXBuildFile; productRef = C2BB8BBE2B163ECA0053BC9D /* FirebaseAuthCombine-Community */; settings = {ATTRIBUTES = (Weak, ); }; };
		C2BB8BC12B163ECA0053BC9D /* FirebaseCrashlytics in Frameworks */ = {isa = PBXBuildFile; productRef = C2BB8BC02B163ECA0053BC9D /* FirebaseCrashlytics */; settings = {ATTRIBUTES = (Weak, ); }; };
		C2BB8BC32B163ECA0053BC9D /* FirebaseDatabase in Frameworks */ = {isa = PBXBuildFile; productRef = C2BB8BC22B163ECA0053BC9D /* FirebaseDatabase */; };
		C2BB8BC52B163ECA0053BC9D /* FirebaseDatabaseSwift in Frameworks */ = {isa = PBXBuildFile; productRef = C2BB8BC42B163ECA0053BC9D /* FirebaseDatabaseSwift */; };
		C2BB8BC72B163ECA0053BC9D /* FirebaseDynamicLinks in Frameworks */ = {isa = PBXBuildFile; productRef = C2BB8BC62B163ECA0053BC9D /* FirebaseDynamicLinks */; };
		C2BB8BC92B163ECA0053BC9D /* FirebaseFirestore in Frameworks */ = {isa = PBXBuildFile; productRef = C2BB8BC82B163ECA0053BC9D /* FirebaseFirestore */; };
		C2BB8BCB2B163ECA0053BC9D /* FirebaseFirestoreCombine-Community in Frameworks */ = {isa = PBXBuildFile; productRef = C2BB8BCA2B163ECA0053BC9D /* FirebaseFirestoreCombine-Community */; };
		C2BB8BCD2B163ECA0053BC9D /* FirebaseFirestoreSwift in Frameworks */ = {isa = PBXBuildFile; productRef = C2BB8BCC2B163ECA0053BC9D /* FirebaseFirestoreSwift */; };
		C2BB8BCF2B163ECA0053BC9D /* FirebaseFunctions in Frameworks */ = {isa = PBXBuildFile; productRef = C2BB8BCE2B163ECA0053BC9D /* FirebaseFunctions */; };
		C2BB8BD12B163ECA0053BC9D /* FirebaseFunctionsCombine-Community in Frameworks */ = {isa = PBXBuildFile; productRef = C2BB8BD02B163ECA0053BC9D /* FirebaseFunctionsCombine-Community */; };
		C2BB8BD32B163ECA0053BC9D /* FirebaseInAppMessaging-Beta in Frameworks */ = {isa = PBXBuildFile; productRef = C2BB8BD22B163ECA0053BC9D /* FirebaseInAppMessaging-Beta */; settings = {ATTRIBUTES = (Weak, ); }; };
		C2BB8BD52B163ECA0053BC9D /* FirebaseInAppMessagingSwift-Beta in Frameworks */ = {isa = PBXBuildFile; productRef = C2BB8BD42B163ECA0053BC9D /* FirebaseInAppMessagingSwift-Beta */; };
		C2BB8BD72B163ECA0053BC9D /* FirebaseInstallations in Frameworks */ = {isa = PBXBuildFile; productRef = C2BB8BD62B163ECA0053BC9D /* FirebaseInstallations */; };
		C2BB8BD92B163ECA0053BC9D /* FirebaseMLModelDownloader in Frameworks */ = {isa = PBXBuildFile; productRef = C2BB8BD82B163ECA0053BC9D /* FirebaseMLModelDownloader */; };
		C2BB8BDB2B163ECA0053BC9D /* FirebaseMessaging in Frameworks */ = {isa = PBXBuildFile; productRef = C2BB8BDA2B163ECA0053BC9D /* FirebaseMessaging */; };
		C2BB8BDD2B163ECA0053BC9D /* FirebasePerformance in Frameworks */ = {isa = PBXBuildFile; productRef = C2BB8BDC2B163ECA0053BC9D /* FirebasePerformance */; settings = {ATTRIBUTES = (Weak, ); }; };
		C2BB8BDF2B163ECA0053BC9D /* FirebaseRemoteConfig in Frameworks */ = {isa = PBXBuildFile; productRef = C2BB8BDE2B163ECA0053BC9D /* FirebaseRemoteConfig */; };
		C2BB8BE12B163ECA0053BC9D /* FirebaseRemoteConfigSwift in Frameworks */ = {isa = PBXBuildFile; productRef = C2BB8BE02B163ECA0053BC9D /* FirebaseRemoteConfigSwift */; };
		C2BB8BE32B163ECA0053BC9D /* FirebaseStorage in Frameworks */ = {isa = PBXBuildFile; productRef = C2BB8BE22B163ECA0053BC9D /* FirebaseStorage */; };
		C2BB8BE52B163ECA0053BC9D /* FirebaseStorageCombine-Community in Frameworks */ = {isa = PBXBuildFile; productRef = C2BB8BE42B163ECA0053BC9D /* FirebaseStorageCombine-Community */; };
		C2BB8BE72B163F8B0053BC9D /* GoogleService-Info.plist in Resources */ = {isa = PBXBuildFile; fileRef = C2BB8BE62B163F8B0053BC9D /* GoogleService-Info.plist */; };
		C2BB8BE92B1644E10053BC9D /* FirebaseModel.swift in Sources */ = {isa = PBXBuildFile; fileRef = C2BB8BE82B1644E10053BC9D /* FirebaseModel.swift */; };
		C2BB8BEB2B1645B70053BC9D /* FirebaseModelView.swift in Sources */ = {isa = PBXBuildFile; fileRef = C2BB8BEA2B1645B70053BC9D /* FirebaseModelView.swift */; };
		C2BB8BED2B16647C0053BC9D /* ListRecommendationsView.swift in Sources */ = {isa = PBXBuildFile; fileRef = C2BB8BEC2B16647C0053BC9D /* ListRecommendationsView.swift */; };
		C2BB8BEF2B1792F50053BC9D /* HousePreview.swift in Sources */ = {isa = PBXBuildFile; fileRef = C2BB8BEE2B1792F50053BC9D /* HousePreview.swift */; };
/* End PBXBuildFile section */

/* Begin PBXFileReference section */
		C201100A2B112D4C000C61DF /* FinalProject.app */ = {isa = PBXFileReference; explicitFileType = wrapper.application; includeInIndex = 0; path = FinalProject.app; sourceTree = BUILT_PRODUCTS_DIR; };
		C201100D2B112D4C000C61DF /* finalProjectApp.swift */ = {isa = PBXFileReference; lastKnownFileType = sourcecode.swift; path = finalProjectApp.swift; sourceTree = "<group>"; };
		C201100F2B112D4C000C61DF /* ContentView.swift */ = {isa = PBXFileReference; lastKnownFileType = sourcecode.swift; path = ContentView.swift; sourceTree = "<group>"; };
		C20110112B112D4E000C61DF /* Assets.xcassets */ = {isa = PBXFileReference; lastKnownFileType = folder.assetcatalog; path = Assets.xcassets; sourceTree = "<group>"; };
		C20110142B112D4E000C61DF /* Preview Assets.xcassets */ = {isa = PBXFileReference; lastKnownFileType = folder.assetcatalog; path = "Preview Assets.xcassets"; sourceTree = "<group>"; };
		C201101E2B112DCF000C61DF /* BuildingModel.swift */ = {isa = PBXFileReference; lastKnownFileType = sourcecode.swift; path = BuildingModel.swift; sourceTree = "<group>"; };
		C20110232B112ED6000C61DF /* Data */ = {isa = PBXFileReference; lastKnownFileType = folder; path = Data; sourceTree = "<group>"; };
		C20110272B1246CB000C61DF /* BuildingModelView.swift */ = {isa = PBXFileReference; lastKnownFileType = sourcecode.swift; path = BuildingModelView.swift; sourceTree = "<group>"; };
		C20110292B124C4B000C61DF /* HomeView.swift */ = {isa = PBXFileReference; lastKnownFileType = sourcecode.swift; path = HomeView.swift; sourceTree = "<group>"; };
		C201102B2B124C61000C61DF /* MapView.swift */ = {isa = PBXFileReference; lastKnownFileType = sourcecode.swift; path = MapView.swift; sourceTree = "<group>"; };
		C201102F2B124C7B000C61DF /* SavedView.swift */ = {isa = PBXFileReference; lastKnownFileType = sourcecode.swift; path = SavedView.swift; sourceTree = "<group>"; };
		C20110312B124C86000C61DF /* MoreView.swift */ = {isa = PBXFileReference; lastKnownFileType = sourcecode.swift; path = MoreView.swift; sourceTree = "<group>"; };
		C20110572B12750C000C61DF /* buildings.json */ = {isa = PBXFileReference; fileEncoding = 4; lastKnownFileType = text.json; path = buildings.json; sourceTree = "<group>"; };
		C279FD572B13AF4D0093A662 /* CardHomeView.swift */ = {isa = PBXFileReference; lastKnownFileType = sourcecode.swift; path = CardHomeView.swift; sourceTree = "<group>"; };
		C279FD592B142A6F0093A662 /* FavoriteButtonView.swift */ = {isa = PBXFileReference; lastKnownFileType = sourcecode.swift; path = FavoriteButtonView.swift; sourceTree = "<group>"; };
		C279FD5B2B14DC6B0093A662 /* DetailsView.swift */ = {isa = PBXFileReference; lastKnownFileType = sourcecode.swift; path = DetailsView.swift; sourceTree = "<group>"; };
		C279FD5D2B1520320093A662 /* RowFavoriteView.swift */ = {isa = PBXFileReference; lastKnownFileType = sourcecode.swift; path = RowFavoriteView.swift; sourceTree = "<group>"; };
		C2BB8BA92B156E000053BC9D /* SplashView.swift */ = {isa = PBXFileReference; lastKnownFileType = sourcecode.swift; path = SplashView.swift; sourceTree = "<group>"; };
		C2BB8BAB2B158EDD0053BC9D /* FormRecommendView.swift */ = {isa = PBXFileReference; lastKnownFileType = sourcecode.swift; path = FormRecommendView.swift; sourceTree = "<group>"; };
		C2BB8BAD2B1590000053BC9D /* AboutMeView.swift */ = {isa = PBXFileReference; lastKnownFileType = sourcecode.swift; path = AboutMeView.swift; sourceTree = "<group>"; };
		C2BB8BE62B163F8B0053BC9D /* GoogleService-Info.plist */ = {isa = PBXFileReference; fileEncoding = 4; lastKnownFileType = text.plist.xml; path = "GoogleService-Info.plist"; sourceTree = "<group>"; };
		C2BB8BE82B1644E10053BC9D /* FirebaseModel.swift */ = {isa = PBXFileReference; lastKnownFileType = sourcecode.swift; path = FirebaseModel.swift; sourceTree = "<group>"; };
		C2BB8BEA2B1645B70053BC9D /* FirebaseModelView.swift */ = {isa = PBXFileReference; lastKnownFileType = sourcecode.swift; path = FirebaseModelView.swift; sourceTree = "<group>"; };
		C2BB8BEC2B16647C0053BC9D /* ListRecommendationsView.swift */ = {isa = PBXFileReference; lastKnownFileType = sourcecode.swift; path = ListRecommendationsView.swift; sourceTree = "<group>"; };
		C2BB8BEE2B1792F50053BC9D /* HousePreview.swift */ = {isa = PBXFileReference; lastKnownFileType = sourcecode.swift; path = HousePreview.swift; sourceTree = "<group>"; };
/* End PBXFileReference section */

/* Begin PBXFrameworksBuildPhase section */
		C20110072B112D4C000C61DF /* Frameworks */ = {
			isa = PBXFrameworksBuildPhase;
			buildActionMask = 2147483647;
			files = (
				C2BB8BC32B163ECA0053BC9D /* FirebaseDatabase in Frameworks */,
				C2BB8BD12B163ECA0053BC9D /* FirebaseFunctionsCombine-Community in Frameworks */,
				C2BB8BC92B163ECA0053BC9D /* FirebaseFirestore in Frameworks */,
				C2BB8BB52B163ECA0053BC9D /* FirebaseAnalyticsSwift in Frameworks */,
				C2BB8BB12B163ECA0053BC9D /* FirebaseAnalytics in Frameworks */,
				C2BB8BB32B163ECA0053BC9D /* FirebaseAnalyticsOnDeviceConversion in Frameworks */,
				C2BB8BD92B163ECA0053BC9D /* FirebaseMLModelDownloader in Frameworks */,
				C2BB8BCD2B163ECA0053BC9D /* FirebaseFirestoreSwift in Frameworks */,
				C2BB8BB92B163ECA0053BC9D /* FirebaseAppCheck in Frameworks */,
				C2BB8BB72B163ECA0053BC9D /* FirebaseAnalyticsWithoutAdIdSupport in Frameworks */,
				C2BB8BBD2B163ECA0053BC9D /* FirebaseAuth in Frameworks */,
				C2BB8BC12B163ECA0053BC9D /* FirebaseCrashlytics in Frameworks */,
				C2BB8BE12B163ECA0053BC9D /* FirebaseRemoteConfigSwift in Frameworks */,
				C2BB8BD32B163ECA0053BC9D /* FirebaseInAppMessaging-Beta in Frameworks */,
				C2BB8BC52B163ECA0053BC9D /* FirebaseDatabaseSwift in Frameworks */,
				C2BB8BCF2B163ECA0053BC9D /* FirebaseFunctions in Frameworks */,
				C2BB8BE52B163ECA0053BC9D /* FirebaseStorageCombine-Community in Frameworks */,
				C2BB8BDF2B163ECA0053BC9D /* FirebaseRemoteConfig in Frameworks */,
				C2BB8BBB2B163ECA0053BC9D /* FirebaseAppDistribution-Beta in Frameworks */,
				C2BB8BBF2B163ECA0053BC9D /* FirebaseAuthCombine-Community in Frameworks */,
				C2BB8BDD2B163ECA0053BC9D /* FirebasePerformance in Frameworks */,
				C2BB8BD52B163ECA0053BC9D /* FirebaseInAppMessagingSwift-Beta in Frameworks */,
				C2BB8BE32B163ECA0053BC9D /* FirebaseStorage in Frameworks */,
				C2BB8BC72B163ECA0053BC9D /* FirebaseDynamicLinks in Frameworks */,
				C2BB8BCB2B163ECA0053BC9D /* FirebaseFirestoreCombine-Community in Frameworks */,
				C2BB8BDB2B163ECA0053BC9D /* FirebaseMessaging in Frameworks */,
				C2BB8BD72B163ECA0053BC9D /* FirebaseInstallations in Frameworks */,
			);
			runOnlyForDeploymentPostprocessing = 0;
		};
/* End PBXFrameworksBuildPhase section */

/* Begin PBXGroup section */
		C20110012B112D4C000C61DF = {
			isa = PBXGroup;
			children = (
				C201100C2B112D4C000C61DF /* FinalProject */,
				C201100B2B112D4C000C61DF /* Products */,
			);
			sourceTree = "<group>";
		};
		C201100B2B112D4C000C61DF /* Products */ = {
			isa = PBXGroup;
			children = (
				C201100A2B112D4C000C61DF /* FinalProject.app */,
			);
			name = Products;
			sourceTree = "<group>";
		};
		C201100C2B112D4C000C61DF /* FinalProject */ = {
			isa = PBXGroup;
			children = (
				C2BB8BE62B163F8B0053BC9D /* GoogleService-Info.plist */,
				C20110562B1274FC000C61DF /* Resources */,
				C201101D2B112D70000C61DF /* Model */,
				C201101C2B112D66000C61DF /* ModelView */,
				C201101B2B112D61000C61DF /* View */,
				C20110232B112ED6000C61DF /* Data */,
				C20110112B112D4E000C61DF /* Assets.xcassets */,
				C20110132B112D4E000C61DF /* Preview Content */,
			);
			path = FinalProject;
			sourceTree = "<group>";
		};
		C20110132B112D4E000C61DF /* Preview Content */ = {
			isa = PBXGroup;
			children = (
				C20110142B112D4E000C61DF /* Preview Assets.xcassets */,
			);
			path = "Preview Content";
			sourceTree = "<group>";
		};
		C201101B2B112D61000C61DF /* View */ = {
			isa = PBXGroup;
			children = (
				C201100D2B112D4C000C61DF /* finalProjectApp.swift */,
				C2BB8BA92B156E000053BC9D /* SplashView.swift */,
				C201100F2B112D4C000C61DF /* ContentView.swift */,
				C20110292B124C4B000C61DF /* HomeView.swift */,
				C279FD572B13AF4D0093A662 /* CardHomeView.swift */,
				C279FD5B2B14DC6B0093A662 /* DetailsView.swift */,
				C201102B2B124C61000C61DF /* MapView.swift */,
				C201102F2B124C7B000C61DF /* SavedView.swift */,
				C279FD5D2B1520320093A662 /* RowFavoriteView.swift */,
				C20110312B124C86000C61DF /* MoreView.swift */,
				C2BB8BEC2B16647C0053BC9D /* ListRecommendationsView.swift */,
				C2BB8BAB2B158EDD0053BC9D /* FormRecommendView.swift */,
				C2BB8BAD2B1590000053BC9D /* AboutMeView.swift */,
				C279FD592B142A6F0093A662 /* FavoriteButtonView.swift */,
				C2BB8BEE2B1792F50053BC9D /* HousePreview.swift */,
			);
			path = View;
			sourceTree = "<group>";
		};
		C201101C2B112D66000C61DF /* ModelView */ = {
			isa = PBXGroup;
			children = (
				C20110272B1246CB000C61DF /* BuildingModelView.swift */,
				C2BB8BE82B1644E10053BC9D /* FirebaseModel.swift */,
				C2BB8BEA2B1645B70053BC9D /* FirebaseModelView.swift */,
			);
			path = ModelView;
			sourceTree = "<group>";
		};
		C201101D2B112D70000C61DF /* Model */ = {
			isa = PBXGroup;
			children = (
				C201101E2B112DCF000C61DF /* BuildingModel.swift */,
			);
			path = Model;
			sourceTree = "<group>";
		};
		C20110562B1274FC000C61DF /* Resources */ = {
			isa = PBXGroup;
			children = (
				C20110572B12750C000C61DF /* buildings.json */,
			);
			path = Resources;
			sourceTree = "<group>";
		};
/* End PBXGroup section */

/* Begin PBXNativeTarget section */
		C20110092B112D4C000C61DF /* FinalProject */ = {
			isa = PBXNativeTarget;
			buildConfigurationList = C20110182B112D4E000C61DF /* Build configuration list for PBXNativeTarget "FinalProject" */;
			buildPhases = (
				C20110062B112D4C000C61DF /* Sources */,
				C20110072B112D4C000C61DF /* Frameworks */,
				C20110082B112D4C000C61DF /* Resources */,
			);
			buildRules = (
			);
			dependencies = (
			);
			name = FinalProject;
			packageProductDependencies = (
				C2BB8BB02B163ECA0053BC9D /* FirebaseAnalytics */,
				C2BB8BB22B163ECA0053BC9D /* FirebaseAnalyticsOnDeviceConversion */,
				C2BB8BB42B163ECA0053BC9D /* FirebaseAnalyticsSwift */,
				C2BB8BB62B163ECA0053BC9D /* FirebaseAnalyticsWithoutAdIdSupport */,
				C2BB8BB82B163ECA0053BC9D /* FirebaseAppCheck */,
				C2BB8BBA2B163ECA0053BC9D /* FirebaseAppDistribution-Beta */,
				C2BB8BBC2B163ECA0053BC9D /* FirebaseAuth */,
				C2BB8BBE2B163ECA0053BC9D /* FirebaseAuthCombine-Community */,
				C2BB8BC02B163ECA0053BC9D /* FirebaseCrashlytics */,
				C2BB8BC22B163ECA0053BC9D /* FirebaseDatabase */,
				C2BB8BC42B163ECA0053BC9D /* FirebaseDatabaseSwift */,
				C2BB8BC62B163ECA0053BC9D /* FirebaseDynamicLinks */,
				C2BB8BC82B163ECA0053BC9D /* FirebaseFirestore */,
				C2BB8BCA2B163ECA0053BC9D /* FirebaseFirestoreCombine-Community */,
				C2BB8BCC2B163ECA0053BC9D /* FirebaseFirestoreSwift */,
				C2BB8BCE2B163ECA0053BC9D /* FirebaseFunctions */,
				C2BB8BD02B163ECA0053BC9D /* FirebaseFunctionsCombine-Community */,
				C2BB8BD22B163ECA0053BC9D /* FirebaseInAppMessaging-Beta */,
				C2BB8BD42B163ECA0053BC9D /* FirebaseInAppMessagingSwift-Beta */,
				C2BB8BD62B163ECA0053BC9D /* FirebaseInstallations */,
				C2BB8BD82B163ECA0053BC9D /* FirebaseMLModelDownloader */,
				C2BB8BDA2B163ECA0053BC9D /* FirebaseMessaging */,
				C2BB8BDC2B163ECA0053BC9D /* FirebasePerformance */,
				C2BB8BDE2B163ECA0053BC9D /* FirebaseRemoteConfig */,
				C2BB8BE02B163ECA0053BC9D /* FirebaseRemoteConfigSwift */,
				C2BB8BE22B163ECA0053BC9D /* FirebaseStorage */,
				C2BB8BE42B163ECA0053BC9D /* FirebaseStorageCombine-Community */,
			);
			productName = "gome0145-mad9137-final-project";
			productReference = C201100A2B112D4C000C61DF /* FinalProject.app */;
			productType = "com.apple.product-type.application";
		};
/* End PBXNativeTarget section */

/* Begin PBXProject section */
		C20110022B112D4C000C61DF /* Project object */ = {
			isa = PBXProject;
			attributes = {
				BuildIndependentTargetsInParallel = 1;
				LastSwiftUpdateCheck = 1500;
				LastUpgradeCheck = 1500;
				TargetAttributes = {
					C20110092B112D4C000C61DF = {
						CreatedOnToolsVersion = 15.0;
					};
				};
			};
			buildConfigurationList = C20110052B112D4C000C61DF /* Build configuration list for PBXProject "FinalProject" */;
			compatibilityVersion = "Xcode 14.0";
			developmentRegion = en;
			hasScannedForEncodings = 0;
			knownRegions = (
				en,
				Base,
			);
			mainGroup = C20110012B112D4C000C61DF;
			packageReferences = (
				C2BB8BAF2B163ECA0053BC9D /* XCRemoteSwiftPackageReference "firebase-ios-sdk" */,
			);
			productRefGroup = C201100B2B112D4C000C61DF /* Products */;
			projectDirPath = "";
			projectRoot = "";
			targets = (
				C20110092B112D4C000C61DF /* FinalProject */,
			);
		};
/* End PBXProject section */

/* Begin PBXResourcesBuildPhase section */
		C20110082B112D4C000C61DF /* Resources */ = {
			isa = PBXResourcesBuildPhase;
			buildActionMask = 2147483647;
			files = (
				C2BB8BE72B163F8B0053BC9D /* GoogleService-Info.plist in Resources */,
				C20110152B112D4E000C61DF /* Preview Assets.xcassets in Resources */,
				C20110582B12750C000C61DF /* buildings.json in Resources */,
				C20110242B112ED6000C61DF /* Data in Resources */,
				C20110122B112D4E000C61DF /* Assets.xcassets in Resources */,
			);
			runOnlyForDeploymentPostprocessing = 0;
		};
/* End PBXResourcesBuildPhase section */

/* Begin PBXSourcesBuildPhase section */
		C20110062B112D4C000C61DF /* Sources */ = {
			isa = PBXSourcesBuildPhase;
			buildActionMask = 2147483647;
			files = (
				C2BB8BE92B1644E10053BC9D /* FirebaseModel.swift in Sources */,
				C20110282B1246CB000C61DF /* BuildingModelView.swift in Sources */,
				C201102C2B124C61000C61DF /* MapView.swift in Sources */,
				C20110102B112D4C000C61DF /* ContentView.swift in Sources */,
				C2BB8BAE2B1590000053BC9D /* AboutMeView.swift in Sources */,
				C2BB8BEF2B1792F50053BC9D /* HousePreview.swift in Sources */,
				C20110302B124C7B000C61DF /* SavedView.swift in Sources */,
				C201101F2B112DCF000C61DF /* BuildingModel.swift in Sources */,
				C2BB8BED2B16647C0053BC9D /* ListRecommendationsView.swift in Sources */,
				C201102A2B124C4B000C61DF /* HomeView.swift in Sources */,
				C279FD5C2B14DC6B0093A662 /* DetailsView.swift in Sources */,
				C279FD5E2B1520320093A662 /* RowFavoriteView.swift in Sources */,
				C2BB8BAA2B156E000053BC9D /* SplashView.swift in Sources */,
				C279FD582B13AF4D0093A662 /* CardHomeView.swift in Sources */,
				C201100E2B112D4C000C61DF /* finalProjectApp.swift in Sources */,
				C279FD5A2B142A6F0093A662 /* FavoriteButtonView.swift in Sources */,
				C2BB8BEB2B1645B70053BC9D /* FirebaseModelView.swift in Sources */,
				C20110322B124C86000C61DF /* MoreView.swift in Sources */,
				C2BB8BAC2B158EDD0053BC9D /* FormRecommendView.swift in Sources */,
			);
			runOnlyForDeploymentPostprocessing = 0;
		};
/* End PBXSourcesBuildPhase section */

/* Begin XCBuildConfiguration section */
		C20110162B112D4E000C61DF /* Debug */ = {
			isa = XCBuildConfiguration;
			buildSettings = {
				ALWAYS_SEARCH_USER_PATHS = NO;
				ASSETCATALOG_COMPILER_GENERATE_SWIFT_ASSET_SYMBOL_EXTENSIONS = YES;
				CLANG_ANALYZER_NONNULL = YES;
				CLANG_ANALYZER_NUMBER_OBJECT_CONVERSION = YES_AGGRESSIVE;
				CLANG_CXX_LANGUAGE_STANDARD = "gnu++20";
				CLANG_ENABLE_MODULES = YES;
				CLANG_ENABLE_OBJC_ARC = YES;
				CLANG_ENABLE_OBJC_WEAK = YES;
				CLANG_WARN_BLOCK_CAPTURE_AUTORELEASING = YES;
				CLANG_WARN_BOOL_CONVERSION = YES;
				CLANG_WARN_COMMA = YES;
				CLANG_WARN_CONSTANT_CONVERSION = YES;
				CLANG_WARN_DEPRECATED_OBJC_IMPLEMENTATIONS = YES;
				CLANG_WARN_DIRECT_OBJC_ISA_USAGE = YES_ERROR;
				CLANG_WARN_DOCUMENTATION_COMMENTS = YES;
				CLANG_WARN_EMPTY_BODY = YES;
				CLANG_WARN_ENUM_CONVERSION = YES;
				CLANG_WARN_INFINITE_RECURSION = YES;
				CLANG_WARN_INT_CONVERSION = YES;
				CLANG_WARN_NON_LITERAL_NULL_CONVERSION = YES;
				CLANG_WARN_OBJC_IMPLICIT_RETAIN_SELF = YES;
				CLANG_WARN_OBJC_LITERAL_CONVERSION = YES;
				CLANG_WARN_OBJC_ROOT_CLASS = YES_ERROR;
				CLANG_WARN_QUOTED_INCLUDE_IN_FRAMEWORK_HEADER = YES;
				CLANG_WARN_RANGE_LOOP_ANALYSIS = YES;
				CLANG_WARN_STRICT_PROTOTYPES = YES;
				CLANG_WARN_SUSPICIOUS_MOVE = YES;
				CLANG_WARN_UNGUARDED_AVAILABILITY = YES_AGGRESSIVE;
				CLANG_WARN_UNREACHABLE_CODE = YES;
				CLANG_WARN__DUPLICATE_METHOD_MATCH = YES;
				COPY_PHASE_STRIP = NO;
				DEBUG_INFORMATION_FORMAT = dwarf;
				ENABLE_STRICT_OBJC_MSGSEND = YES;
				ENABLE_TESTABILITY = YES;
				ENABLE_USER_SCRIPT_SANDBOXING = YES;
				GCC_C_LANGUAGE_STANDARD = gnu17;
				GCC_DYNAMIC_NO_PIC = NO;
				GCC_NO_COMMON_BLOCKS = YES;
				GCC_OPTIMIZATION_LEVEL = 0;
				GCC_PREPROCESSOR_DEFINITIONS = (
					"DEBUG=1",
					"$(inherited)",
				);
				GCC_WARN_64_TO_32_BIT_CONVERSION = YES;
				GCC_WARN_ABOUT_RETURN_TYPE = YES_ERROR;
				GCC_WARN_UNDECLARED_SELECTOR = YES;
				GCC_WARN_UNINITIALIZED_AUTOS = YES_AGGRESSIVE;
				GCC_WARN_UNUSED_FUNCTION = YES;
				GCC_WARN_UNUSED_VARIABLE = YES;
				IPHONEOS_DEPLOYMENT_TARGET = 17.0;
				LOCALIZATION_PREFERS_STRING_CATALOGS = YES;
				MTL_ENABLE_DEBUG_INFO = INCLUDE_SOURCE;
				MTL_FAST_MATH = YES;
				ONLY_ACTIVE_ARCH = YES;
				SDKROOT = iphoneos;
				SWIFT_ACTIVE_COMPILATION_CONDITIONS = "DEBUG $(inherited)";
				SWIFT_OPTIMIZATION_LEVEL = "-Onone";
			};
			name = Debug;
		};
		C20110172B112D4E000C61DF /* Release */ = {
			isa = XCBuildConfiguration;
			buildSettings = {
				ALWAYS_SEARCH_USER_PATHS = NO;
				ASSETCATALOG_COMPILER_GENERATE_SWIFT_ASSET_SYMBOL_EXTENSIONS = YES;
				CLANG_ANALYZER_NONNULL = YES;
				CLANG_ANALYZER_NUMBER_OBJECT_CONVERSION = YES_AGGRESSIVE;
				CLANG_CXX_LANGUAGE_STANDARD = "gnu++20";
				CLANG_ENABLE_MODULES = YES;
				CLANG_ENABLE_OBJC_ARC = YES;
				CLANG_ENABLE_OBJC_WEAK = YES;
				CLANG_WARN_BLOCK_CAPTURE_AUTORELEASING = YES;
				CLANG_WARN_BOOL_CONVERSION = YES;
				CLANG_WARN_COMMA = YES;
				CLANG_WARN_CONSTANT_CONVERSION = YES;
				CLANG_WARN_DEPRECATED_OBJC_IMPLEMENTATIONS = YES;
				CLANG_WARN_DIRECT_OBJC_ISA_USAGE = YES_ERROR;
				CLANG_WARN_DOCUMENTATION_COMMENTS = YES;
				CLANG_WARN_EMPTY_BODY = YES;
				CLANG_WARN_ENUM_CONVERSION = YES;
				CLANG_WARN_INFINITE_RECURSION = YES;
				CLANG_WARN_INT_CONVERSION = YES;
				CLANG_WARN_NON_LITERAL_NULL_CONVERSION = YES;
				CLANG_WARN_OBJC_IMPLICIT_RETAIN_SELF = YES;
				CLANG_WARN_OBJC_LITERAL_CONVERSION = YES;
				CLANG_WARN_OBJC_ROOT_CLASS = YES_ERROR;
				CLANG_WARN_QUOTED_INCLUDE_IN_FRAMEWORK_HEADER = YES;
				CLANG_WARN_RANGE_LOOP_ANALYSIS = YES;
				CLANG_WARN_STRICT_PROTOTYPES = YES;
				CLANG_WARN_SUSPICIOUS_MOVE = YES;
				CLANG_WARN_UNGUARDED_AVAILABILITY = YES_AGGRESSIVE;
				CLANG_WARN_UNREACHABLE_CODE = YES;
				CLANG_WARN__DUPLICATE_METHOD_MATCH = YES;
				COPY_PHASE_STRIP = NO;
				DEBUG_INFORMATION_FORMAT = "dwarf-with-dsym";
				ENABLE_NS_ASSERTIONS = NO;
				ENABLE_STRICT_OBJC_MSGSEND = YES;
				ENABLE_USER_SCRIPT_SANDBOXING = YES;
				GCC_C_LANGUAGE_STANDARD = gnu17;
				GCC_NO_COMMON_BLOCKS = YES;
				GCC_WARN_64_TO_32_BIT_CONVERSION = YES;
				GCC_WARN_ABOUT_RETURN_TYPE = YES_ERROR;
				GCC_WARN_UNDECLARED_SELECTOR = YES;
				GCC_WARN_UNINITIALIZED_AUTOS = YES_AGGRESSIVE;
				GCC_WARN_UNUSED_FUNCTION = YES;
				GCC_WARN_UNUSED_VARIABLE = YES;
				IPHONEOS_DEPLOYMENT_TARGET = 17.0;
				LOCALIZATION_PREFERS_STRING_CATALOGS = YES;
				MTL_ENABLE_DEBUG_INFO = NO;
				MTL_FAST_MATH = YES;
				SDKROOT = iphoneos;
				SWIFT_COMPILATION_MODE = wholemodule;
				VALIDATE_PRODUCT = YES;
			};
			name = Release;
		};
		C20110192B112D4E000C61DF /* Debug */ = {
			isa = XCBuildConfiguration;
			buildSettings = {
				ASSETCATALOG_COMPILER_APPICON_NAME = AppIcon;
				ASSETCATALOG_COMPILER_GLOBAL_ACCENT_COLOR_NAME = AccentColor;
				CODE_SIGN_STYLE = Automatic;
				CURRENT_PROJECT_VERSION = 1;
				DEVELOPMENT_ASSET_PATHS = FinalProject/Assets.xcassets;
				DEVELOPMENT_TEAM = Z28MDHV9K2;
				ENABLE_PREVIEWS = YES;
				GENERATE_INFOPLIST_FILE = YES;
				INFOPLIST_KEY_NSLocationWhenInUseUsageDescription = "This app needs your location to show more information";
				INFOPLIST_KEY_UIApplicationSceneManifest_Generation = YES;
				INFOPLIST_KEY_UIApplicationSupportsIndirectInputEvents = YES;
				INFOPLIST_KEY_UILaunchScreen_Generation = YES;
				INFOPLIST_KEY_UISupportedInterfaceOrientations_iPad = "UIInterfaceOrientationPortrait UIInterfaceOrientationPortraitUpsideDown UIInterfaceOrientationLandscapeLeft UIInterfaceOrientationLandscapeRight";
				INFOPLIST_KEY_UISupportedInterfaceOrientations_iPhone = "UIInterfaceOrientationPortrait UIInterfaceOrientationLandscapeLeft UIInterfaceOrientationLandscapeRight";
				LD_RUNPATH_SEARCH_PATHS = (
					"$(inherited)",
					"@executable_path/Frameworks",
				);
				MARKETING_VERSION = 1.0;
				PRODUCT_BUNDLE_IDENTIFIER = com.class.finalproject;
				PRODUCT_NAME = "$(TARGET_NAME)";
				SWIFT_EMIT_LOC_STRINGS = YES;
				SWIFT_VERSION = 5.0;
				TARGETED_DEVICE_FAMILY = "1,2";
			};
			name = Debug;
		};
		C201101A2B112D4E000C61DF /* Release */ = {
			isa = XCBuildConfiguration;
			buildSettings = {
				ASSETCATALOG_COMPILER_APPICON_NAME = AppIcon;
				ASSETCATALOG_COMPILER_GLOBAL_ACCENT_COLOR_NAME = AccentColor;
				CODE_SIGN_STYLE = Automatic;
				CURRENT_PROJECT_VERSION = 1;
				DEVELOPMENT_ASSET_PATHS = FinalProject/Assets.xcassets;
				DEVELOPMENT_TEAM = Z28MDHV9K2;
				ENABLE_PREVIEWS = YES;
				GENERATE_INFOPLIST_FILE = YES;
				INFOPLIST_KEY_NSLocationWhenInUseUsageDescription = "This app needs your location to show more information";
				INFOPLIST_KEY_UIApplicationSceneManifest_Generation = YES;
				INFOPLIST_KEY_UIApplicationSupportsIndirectInputEvents = YES;
				INFOPLIST_KEY_UILaunchScreen_Generation = YES;
				INFOPLIST_KEY_UISupportedInterfaceOrientations_iPad = "UIInterfaceOrientationPortrait UIInterfaceOrientationPortraitUpsideDown UIInterfaceOrientationLandscapeLeft UIInterfaceOrientationLandscapeRight";
				INFOPLIST_KEY_UISupportedInterfaceOrientations_iPhone = "UIInterfaceOrientationPortrait UIInterfaceOrientationLandscapeLeft UIInterfaceOrientationLandscapeRight";
				LD_RUNPATH_SEARCH_PATHS = (
					"$(inherited)",
					"@executable_path/Frameworks",
				);
				MARKETING_VERSION = 1.0;
				ONLY_ACTIVE_ARCH = YES;
				PRODUCT_BUNDLE_IDENTIFIER = com.class.finalproject;
				PRODUCT_NAME = "$(TARGET_NAME)";
				SWIFT_EMIT_LOC_STRINGS = YES;
				SWIFT_VERSION = 5.0;
				TARGETED_DEVICE_FAMILY = "1,2";
			};
			name = Release;
		};
/* End XCBuildConfiguration section */

/* Begin XCConfigurationList section */
		C20110052B112D4C000C61DF /* Build configuration list for PBXProject "FinalProject" */ = {
			isa = XCConfigurationList;
			buildConfigurations = (
				C20110162B112D4E000C61DF /* Debug */,
				C20110172B112D4E000C61DF /* Release */,
			);
			defaultConfigurationIsVisible = 0;
			defaultConfigurationName = Release;
		};
		C20110182B112D4E000C61DF /* Build configuration list for PBXNativeTarget "FinalProject" */ = {
			isa = XCConfigurationList;
			buildConfigurations = (
				C20110192B112D4E000C61DF /* Debug */,
				C201101A2B112D4E000C61DF /* Release */,
			);
			defaultConfigurationIsVisible = 0;
			defaultConfigurationName = Release;
		};
/* End XCConfigurationList section */

/* Begin XCRemoteSwiftPackageReference section */
		C2BB8BAF2B163ECA0053BC9D /* XCRemoteSwiftPackageReference "firebase-ios-sdk" */ = {
			isa = XCRemoteSwiftPackageReference;
			repositoryURL = "https://github.com/firebase/firebase-ios-sdk";
			requirement = {
				kind = upToNextMajorVersion;
				minimumVersion = 10.18.0;
			};
		};
/* End XCRemoteSwiftPackageReference section */

/* Begin XCSwiftPackageProductDependency section */
		C2BB8BB02B163ECA0053BC9D /* FirebaseAnalytics */ = {
			isa = XCSwiftPackageProductDependency;
			package = C2BB8BAF2B163ECA0053BC9D /* XCRemoteSwiftPackageReference "firebase-ios-sdk" */;
			productName = FirebaseAnalytics;
		};
		C2BB8BB22B163ECA0053BC9D /* FirebaseAnalyticsOnDeviceConversion */ = {
			isa = XCSwiftPackageProductDependency;
			package = C2BB8BAF2B163ECA0053BC9D /* XCRemoteSwiftPackageReference "firebase-ios-sdk" */;
			productName = FirebaseAnalyticsOnDeviceConversion;
		};
		C2BB8BB42B163ECA0053BC9D /* FirebaseAnalyticsSwift */ = {
			isa = XCSwiftPackageProductDependency;
			package = C2BB8BAF2B163ECA0053BC9D /* XCRemoteSwiftPackageReference "firebase-ios-sdk" */;
			productName = FirebaseAnalyticsSwift;
		};
		C2BB8BB62B163ECA0053BC9D /* FirebaseAnalyticsWithoutAdIdSupport */ = {
			isa = XCSwiftPackageProductDependency;
			package = C2BB8BAF2B163ECA0053BC9D /* XCRemoteSwiftPackageReference "firebase-ios-sdk" */;
			productName = FirebaseAnalyticsWithoutAdIdSupport;
		};
		C2BB8BB82B163ECA0053BC9D /* FirebaseAppCheck */ = {
			isa = XCSwiftPackageProductDependency;
			package = C2BB8BAF2B163ECA0053BC9D /* XCRemoteSwiftPackageReference "firebase-ios-sdk" */;
			productName = FirebaseAppCheck;
		};
		C2BB8BBA2B163ECA0053BC9D /* FirebaseAppDistribution-Beta */ = {
			isa = XCSwiftPackageProductDependency;
			package = C2BB8BAF2B163ECA0053BC9D /* XCRemoteSwiftPackageReference "firebase-ios-sdk" */;
			productName = "FirebaseAppDistribution-Beta";
		};
		C2BB8BBC2B163ECA0053BC9D /* FirebaseAuth */ = {
			isa = XCSwiftPackageProductDependency;
			package = C2BB8BAF2B163ECA0053BC9D /* XCRemoteSwiftPackageReference "firebase-ios-sdk" */;
			productName = FirebaseAuth;
		};
		C2BB8BBE2B163ECA0053BC9D /* FirebaseAuthCombine-Community */ = {
			isa = XCSwiftPackageProductDependency;
			package = C2BB8BAF2B163ECA0053BC9D /* XCRemoteSwiftPackageReference "firebase-ios-sdk" */;
			productName = "FirebaseAuthCombine-Community";
		};
		C2BB8BC02B163ECA0053BC9D /* FirebaseCrashlytics */ = {
			isa = XCSwiftPackageProductDependency;
			package = C2BB8BAF2B163ECA0053BC9D /* XCRemoteSwiftPackageReference "firebase-ios-sdk" */;
			productName = FirebaseCrashlytics;
		};
		C2BB8BC22B163ECA0053BC9D /* FirebaseDatabase */ = {
			isa = XCSwiftPackageProductDependency;
			package = C2BB8BAF2B163ECA0053BC9D /* XCRemoteSwiftPackageReference "firebase-ios-sdk" */;
			productName = FirebaseDatabase;
		};
		C2BB8BC42B163ECA0053BC9D /* FirebaseDatabaseSwift */ = {
			isa = XCSwiftPackageProductDependency;
			package = C2BB8BAF2B163ECA0053BC9D /* XCRemoteSwiftPackageReference "firebase-ios-sdk" */;
			productName = FirebaseDatabaseSwift;
		};
		C2BB8BC62B163ECA0053BC9D /* FirebaseDynamicLinks */ = {
			isa = XCSwiftPackageProductDependency;
			package = C2BB8BAF2B163ECA0053BC9D /* XCRemoteSwiftPackageReference "firebase-ios-sdk" */;
			productName = FirebaseDynamicLinks;
		};
		C2BB8BC82B163ECA0053BC9D /* FirebaseFirestore */ = {
			isa = XCSwiftPackageProductDependency;
			package = C2BB8BAF2B163ECA0053BC9D /* XCRemoteSwiftPackageReference "firebase-ios-sdk" */;
			productName = FirebaseFirestore;
		};
		C2BB8BCA2B163ECA0053BC9D /* FirebaseFirestoreCombine-Community */ = {
			isa = XCSwiftPackageProductDependency;
			package = C2BB8BAF2B163ECA0053BC9D /* XCRemoteSwiftPackageReference "firebase-ios-sdk" */;
			productName = "FirebaseFirestoreCombine-Community";
		};
		C2BB8BCC2B163ECA0053BC9D /* FirebaseFirestoreSwift */ = {
			isa = XCSwiftPackageProductDependency;
			package = C2BB8BAF2B163ECA0053BC9D /* XCRemoteSwiftPackageReference "firebase-ios-sdk" */;
			productName = FirebaseFirestoreSwift;
		};
		C2BB8BCE2B163ECA0053BC9D /* FirebaseFunctions */ = {
			isa = XCSwiftPackageProductDependency;
			package = C2BB8BAF2B163ECA0053BC9D /* XCRemoteSwiftPackageReference "firebase-ios-sdk" */;
			productName = FirebaseFunctions;
		};
		C2BB8BD02B163ECA0053BC9D /* FirebaseFunctionsCombine-Community */ = {
			isa = XCSwiftPackageProductDependency;
			package = C2BB8BAF2B163ECA0053BC9D /* XCRemoteSwiftPackageReference "firebase-ios-sdk" */;
			productName = "FirebaseFunctionsCombine-Community";
		};
		C2BB8BD22B163ECA0053BC9D /* FirebaseInAppMessaging-Beta */ = {
			isa = XCSwiftPackageProductDependency;
			package = C2BB8BAF2B163ECA0053BC9D /* XCRemoteSwiftPackageReference "firebase-ios-sdk" */;
			productName = "FirebaseInAppMessaging-Beta";
		};
		C2BB8BD42B163ECA0053BC9D /* FirebaseInAppMessagingSwift-Beta */ = {
			isa = XCSwiftPackageProductDependency;
			package = C2BB8BAF2B163ECA0053BC9D /* XCRemoteSwiftPackageReference "firebase-ios-sdk" */;
			productName = "FirebaseInAppMessagingSwift-Beta";
		};
		C2BB8BD62B163ECA0053BC9D /* FirebaseInstallations */ = {
			isa = XCSwiftPackageProductDependency;
			package = C2BB8BAF2B163ECA0053BC9D /* XCRemoteSwiftPackageReference "firebase-ios-sdk" */;
			productName = FirebaseInstallations;
		};
		C2BB8BD82B163ECA0053BC9D /* FirebaseMLModelDownloader */ = {
			isa = XCSwiftPackageProductDependency;
			package = C2BB8BAF2B163ECA0053BC9D /* XCRemoteSwiftPackageReference "firebase-ios-sdk" */;
			productName = FirebaseMLModelDownloader;
		};
		C2BB8BDA2B163ECA0053BC9D /* FirebaseMessaging */ = {
			isa = XCSwiftPackageProductDependency;
			package = C2BB8BAF2B163ECA0053BC9D /* XCRemoteSwiftPackageReference "firebase-ios-sdk" */;
			productName = FirebaseMessaging;
		};
		C2BB8BDC2B163ECA0053BC9D /* FirebasePerformance */ = {
			isa = XCSwiftPackageProductDependency;
			package = C2BB8BAF2B163ECA0053BC9D /* XCRemoteSwiftPackageReference "firebase-ios-sdk" */;
			productName = FirebasePerformance;
		};
		C2BB8BDE2B163ECA0053BC9D /* FirebaseRemoteConfig */ = {
			isa = XCSwiftPackageProductDependency;
			package = C2BB8BAF2B163ECA0053BC9D /* XCRemoteSwiftPackageReference "firebase-ios-sdk" */;
			productName = FirebaseRemoteConfig;
		};
		C2BB8BE02B163ECA0053BC9D /* FirebaseRemoteConfigSwift */ = {
			isa = XCSwiftPackageProductDependency;
			package = C2BB8BAF2B163ECA0053BC9D /* XCRemoteSwiftPackageReference "firebase-ios-sdk" */;
			productName = FirebaseRemoteConfigSwift;
		};
		C2BB8BE22B163ECA0053BC9D /* FirebaseStorage */ = {
			isa = XCSwiftPackageProductDependency;
			package = C2BB8BAF2B163ECA0053BC9D /* XCRemoteSwiftPackageReference "firebase-ios-sdk" */;
			productName = FirebaseStorage;
		};
		C2BB8BE42B163ECA0053BC9D /* FirebaseStorageCombine-Community */ = {
			isa = XCSwiftPackageProductDependency;
			package = C2BB8BAF2B163ECA0053BC9D /* XCRemoteSwiftPackageReference "firebase-ios-sdk" */;
			productName = "FirebaseStorageCombine-Community";
		};
/* End XCSwiftPackageProductDependency section */
	};
	rootObject = C20110022B112D4C000C61DF /* Project object */;
}
